
Microsoft Visual Studio Solution File, Format Version 12.00
# Visual Studio Version 17
VisualStudioVersion = 17.5.002.0
MinimumVisualStudioVersion = 10.0.40219.1
Project("{9A19103F-16F7-4668-BE54-9A1E7A4F7556}") = "Dizi_Devam", "Dizi_Devam.csproj", "{A1CDA68B-428D-40AB-A4A1-B03227347B37}"
EndProject
Global
	GlobalSection(SolutionConfigurationPlatforms) = preSolution
		Debug|Any CPU = Debug|Any CPU
		Release|Any CPU = Release|Any CPU
	EndGlobalSection
	GlobalSection(ProjectConfigurationPlatforms) = postSolution
		{A1CDA68B-428D-40AB-A4A1-B03227347B37}.Debug|Any CPU.ActiveCfg = Debug|Any CPU
		{A1CDA68B-428D-40AB-A4A1-B03227347B37}.Debug|Any CPU.Build.0 = Debug|Any CPU
		{A1CDA68B-428D-40AB-A4A1-B03227347B37}.Release|Any CPU.ActiveCfg = Release|Any CPU
		{A1CDA68B-428D-40AB-A4A1-B03227347B37}.Release|Any CPU.Build.0 = Release|Any CPU
	EndGlobalSection
	GlobalSection(SolutionProperties) = preSolution
		HideSolutionNode = FALSE
	EndGlobalSection
	GlobalSection(ExtensibilityGlobals) = postSolution
		SolutionGuid = {16974257-95E5-451C-8F5A-CBC83B637122}
	EndGlobalSection
EndGlobal
